// !$*UTF8*$!
{
	archiveVersion = 1;
	classes = {
	};
	objectVersion = 46;
	objects = {

/* Begin PBXBuildFile section */
		DDEE16841C63C958009AFC84 /* AppDelegate.swift in Sources */ = {isa = PBXBuildFile; fileRef = DDEE16831C63C958009AFC84 /* AppDelegate.swift */; };
		DDEE16861C63C958009AFC84 /* ViewController.swift in Sources */ = {isa = PBXBuildFile; fileRef = DDEE16851C63C958009AFC84 /* ViewController.swift */; };
		DDEE16891C63C958009AFC84 /* Main.storyboard in Resources */ = {isa = PBXBuildFile; fileRef = DDEE16871C63C958009AFC84 /* Main.storyboard */; };
		DDEE168B1C63C958009AFC84 /* Assets.xcassets in Resources */ = {isa = PBXBuildFile; fileRef = DDEE168A1C63C958009AFC84 /* Assets.xcassets */; };
		DDEE168E1C63C958009AFC84 /* LaunchScreen.storyboard in Resources */ = {isa = PBXBuildFile; fileRef = DDEE168C1C63C958009AFC84 /* LaunchScreen.storyboard */; };
/* End PBXBuildFile section */

/* Begin PBXFileReference section */
		DDEE16801C63C958009AFC84 /* TestJenkins.app */ = {isa = PBXFileReference; explicitFileType = wrapper.application; includeInIndex = 0; path = TestJenkins.app; sourceTree = BUILT_PRODUCTS_DIR; };
		DDEE16831C63C958009AFC84 /* AppDelegate.swift */ = {isa = PBXFileReference; lastKnownFileType = sourcecode.swift; path = AppDelegate.swift; sourceTree = "<group>"; };
		DDEE16851C63C958009AFC84 /* ViewController.swift */ = {isa = PBXFileReference; lastKnownFileType = sourcecode.swift; path = ViewController.swift; sourceTree = "<group>"; };
		DDEE16881C63C958009AFC84 /* Base */ = {isa = PBXFileReference; lastKnownFileType = file.storyboard; name = Base; path = Base.lproj/Main.storyboard; sourceTree = "<group>"; };
		DDEE168A1C63C958009AFC84 /* Assets.xcassets */ = {isa = PBXFileReference; lastKnownFileType = folder.assetcatalog; path = Assets.xcassets; sourceTree = "<group>"; };
		DDEE168D1C63C958009AFC84 /* Base */ = {isa = PBXFileReference; lastKnownFileType = file.storyboard; name = Base; path = Base.lproj/LaunchScreen.storyboard; sourceTree = "<group>"; };
		DDEE168F1C63C958009AFC84 /* Info.plist */ = {isa = PBXFileReference; lastKnownFileType = text.plist.xml; path = Info.plist; sourceTree = "<group>"; };
/* End PBXFileReference section */

/* Begin PBXFrameworksBuildPhase section */
		DDEE167D1C63C958009AFC84 /* Frameworks */ = {
			isa = PBXFrameworksBuildPhase;
			buildActionMask = 2147483647;
			files = (
			);
			runOnlyForDeploymentPostprocessing = 0;
		};
/* End PBXFrameworksBuildPhase section */

/* Begin PBXGroup section */
		DDEE16771C63C958009AFC84 = {
			isa = PBXGroup;
			children = (
				DDEE16821C63C958009AFC84 /* TestJenkins */,
				DDEE16811C63C958009AFC84 /* Products */,
			);
			sourceTree = "<group>";
		};
		DDEE16811C63C958009AFC84 /* Products */ = {
			isa = PBXGroup;
			children = (
				DDEE16801C63C958009AFC84 /* TestJenkins.app */,
			);
			name = Products;
			sourceTree = "<group>";
		};
		DDEE16821C63C958009AFC84 /* TestJenkins */ = {
			isa = PBXGroup;
			children = (
				DDEE16831C63C958009AFC84 /* AppDelegate.swift */,
				DDEE16851C63C958009AFC84 /* ViewController.swift */,
				DDEE16871C63C958009AFC84 /* Main.storyboard */,
				DDEE168A1C63C958009AFC84 /* Assets.xcassets */,
				DDEE168C1C63C958009AFC84 /* LaunchScreen.storyboard */,
				DDEE168F1C63C958009AFC84 /* Info.plist */,
			);
			path = TestJenkins;
			sourceTree = "<group>";
		};
/* End PBXGroup section */

/* Begin PBXNativeTarget section */
		DDEE167F1C63C958009AFC84 /* TestJenkins */ = {
			isa = PBXNativeTarget;
			buildConfigurationList = DDEE16921C63C958009AFC84 /* Build configuration list for PBXNativeTarget "TestJenkins" */;
			buildPhases = (
				DDEE167C1C63C958009AFC84 /* Sources */,
				DDEE167D1C63C958009AFC84 /* Frameworks */,
				DDEE167E1C63C958009AFC84 /* Resources */,
			);
			buildRules = (
			);
			dependencies = (
			);
			name = TestJenkins;
			productName = TestJenkins;
			productReference = DDEE16801C63C958009AFC84 /* TestJenkins.app */;
			productType = "com.apple.product-type.application";
		};
/* End PBXNativeTarget section */

/* Begin PBXProject section */
		DDEE16781C63C958009AFC84 /* Project object */ = {
			isa = PBXProject;
			attributes = {
				LastSwiftUpdateCheck = 0720;
				LastUpgradeCheck = 0720;
				ORGANIZATIONNAME = "Julio Marquez";
				TargetAttributes = {
					DDEE167F1C63C958009AFC84 = {
						CreatedOnToolsVersion = 7.2;
					};
				};
			};
			buildConfigurationList = DDEE167B1C63C958009AFC84 /* Build configuration list for PBXProject "TestJenkins" */;
			compatibilityVersion = "Xcode 3.2";
			developmentRegion = English;
			hasScannedForEncodings = 0;
			knownRegions = (
				en,
				Base,
			);
			mainGroup = DDEE16771C63C958009AFC84;
			productRefGroup = DDEE16811C63C958009AFC84 /* Products */;
			projectDirPath = "";
			projectRoot = "";
			targets = (
				DDEE167F1C63C958009AFC84 /* TestJenkins */,
			);
		};
/* End PBXProject section */

/* Begin PBXResourcesBuildPhase section */
		DDEE167E1C63C958009AFC84 /* Resources */ = {
			isa = PBXResourcesBuildPhase;
			buildActionMask = 2147483647;
			files = (
				DDEE168E1C63C958009AFC84 /* LaunchScreen.storyboard in Resources */,
				DDEE168B1C63C958009AFC84 /* Assets.xcassets in Resources */,
				DDEE16891C63C958009AFC84 /* Main.storyboard in Resources */,
			);
			runOnlyForDeploymentPostprocessing = 0;
		};
/* End PBXResourcesBuildPhase section */

/* Begin PBXSourcesBuildPhase section */
		DDEE167C1C63C958009AFC84 /* Sources */ = {
			isa = PBXSourcesBuildPhase;
			buildActionMask = 2147483647;
			files = (
				DDEE16861C63C958009AFC84 /* ViewController.swift in Sources */,
				DDEE16841C63C958009AFC84 /* AppDelegate.swift in Sources */,
			);
			runOnlyForDeploymentPostprocessing = 0;
		};
/* End PBXSourcesBuildPhase section */

/* Begin PBXVariantGroup section */
		DDEE16871C63C958009AFC84 /* Main.storyboard */ = {
			isa = PBXVariantGroup;
			children = (
				DDEE16881C63C958009AFC84 /* Base */,
			);
			name = Main.storyboard;
			sourceTree = "<group>";
		};
		DDEE168C1C63C958009AFC84 /* LaunchScreen.storyboard */ = {
			isa = PBXVariantGroup;
			children = (
				DDEE168D1C63C958009AFC84 /* Base */,
			);
			name = LaunchScreen.storyboard;
			sourceTree = "<group>";
		};
/* End PBXVariantGroup section */

/* Begin XCBuildConfiguration section */
		DDEE16901C63C958009AFC84 /* Debug */ = {
			isa = XCBuildConfiguration;
			buildSettings = {
				ALWAYS_SEARCH_USER_PATHS = NO;
				CLANG_CXX_LANGUAGE_STANDARD = "gnu++0x";
				CLANG_CXX_LIBRARY = "libc++";
				CLANG_ENABLE_MODULES = YES;
				CLANG_ENABLE_OBJC_ARC = YES;
				CLANG_WARN_BOOL_CONVERSION = YES;
				CLANG_WARN_CONSTANT_CONVERSION = YES;
				CLANG_WARN_DIRECT_OBJC_ISA_USAGE = YES_ERROR;
				CLANG_WARN_EMPTY_BODY = YES;
				CLANG_WARN_ENUM_CONVERSION = YES;
				CLANG_WARN_INT_CONVERSION = YES;
				CLANG_WARN_OBJC_ROOT_CLASS = YES_ERROR;
				CLANG_WARN_UNREACHABLE_CODE = YES;
				CLANG_WARN__DUPLICATE_METHOD_MATCH = YES;
				"CODE_SIGN_IDENTITY[sdk=iphoneos*]" = "iPhone Developer";
				COPY_PHASE_STRIP = NO;
				DEBUG_INFORMATION_FORMAT = dwarf;
				ENABLE_STRICT_OBJC_MSGSEND = YES;
				ENABLE_TESTABILITY = YES;
				GCC_C_LANGUAGE_STANDARD = gnu99;
				GCC_DYNAMIC_NO_PIC = NO;
				GCC_NO_COMMON_BLOCKS = YES;
				GCC_OPTIMIZATION_LEVEL = 0;
				GCC_PREPROCESSOR_DEFINITIONS = (
					"DEBUG=1",
					"$(inherited)",
				);
				GCC_WARN_64_TO_32_BIT_CONVERSION = YES;
				GCC_WARN_ABOUT_RETURN_TYPE = YES_ERROR;
				GCC_WARN_UNDECLARED_SELECTOR = YES;
				GCC_WARN_UNINITIALIZED_AUTOS = YES_AGGRESSIVE;
				GCC_WARN_UNUSED_FUNCTION = YES;
				GCC_WARN_UNUSED_VARIABLE = YES;
				IPHONEOS_DEPLOYMENT_TARGET = 9.2;
				MTL_ENABLE_DEBUG_INFO = YES;
				ONLY_ACTIVE_ARCH = YES;
				SDKROOT = iphoneos;
				SWIFT_OPTIMIZATION_LEVEL = "-Onone";
				TARGETED_DEVICE_FAMILY = "1,2";
			};
			name = Debug;
		};
		DDEE16911C63C958009AFC84 /* Release */ = {
			isa = XCBuildConfiguration;
			buildSettings = {
				ALWAYS_SEARCH_USER_PATHS = NO;
				CLANG_CXX_LANGUAGE_STANDARD = "gnu++0x";
				CLANG_CXX_LIBRARY = "libc++";
				CLANG_ENABLE_MODULES = YES;
				CLANG_ENABLE_OBJC_ARC = YES;
				CLANG_WARN_BOOL_CONVERSION = YES;
				CLANG_WARN_CONSTANT_CONVERSION = YES;
				CLANG_WARN_DIRECT_OBJC_ISA_USAGE = YES_ERROR;
				CLANG_WARN_EMPTY_BODY = YES;
				CLANG_WARN_ENUM_CONVERSION = YES;
				CLANG_WARN_INT_CONVERSION = YES;
				CLANG_WARN_OBJC_ROOT_CLASS = YES_ERROR;
				CLANG_WARN_UNREACHABLE_CODE = YES;
				CLANG_WARN__DUPLICATE_METHOD_MATCH = YES;
				"CODE_SIGN_IDENTITY[sdk=iphoneos*]" = "iPhone Developer";
				COPY_PHASE_STRIP = NO;
				DEBUG_INFORMATION_FORMAT = "dwarf-with-dsym";
				ENABLE_NS_ASSERTIONS = NO;
				ENABLE_STRICT_OBJC_MSGSEND = YES;
				GCC_C_LANGUAGE_STANDARD = gnu99;
				GCC_NO_COMMON_BLOCKS = YES;
				GCC_WARN_64_TO_32_BIT_CONVERSION = YES;
				GCC_WARN_ABOUT_RETURN_TYPE = YES_ERROR;
				GCC_WARN_UNDECLARED_SELECTOR = YES;
				GCC_WARN_UNINITIALIZED_AUTOS = YES_AGGRESSIVE;
				GCC_WARN_UNUSED_FUNCTION = YES;
				GCC_WARN_UNUSED_VARIABLE = YES;
				IPHONEOS_DEPLOYMENT_TARGET = 9.2;
				MTL_ENABLE_DEBUG_INFO = NO;
				SDKROOT = iphoneos;
				TARGETED_DEVICE_FAMILY = "1,2";
				VALIDATE_PRODUCT = YES;
			};
			name = Release;
		};
		DDEE16931C63C958009AFC84 /* Debug */ = {
			isa = XCBuildConfiguration;
			buildSettings = {
				ASSETCATALOG_COMPILER_APPICON_NAME = AppIcon;
				INFOPLIST_FILE = TestJenkins/Info.plist;
				LD_RUNPATH_SEARCH_PATHS = "$(inherited) @executable_path/Frameworks";
				PRODUCT_BUNDLE_IDENTIFIER = beepi.TestJenkins;
				PRODUCT_NAME = "$(TARGET_NAME)";
			};
			name = Debug;
		};
		DDEE16941C63C958009AFC84 /* Release */ = {
			isa = XCBuildConfiguration;
			buildSettings = {
				ASSETCATALOG_COMPILER_APPICON_NAME = AppIcon;
				INFOPLIST_FILE = TestJenkins/Info.plist;
				LD_RUNPATH_SEARCH_PATHS = "$(inherited) @executable_path/Frameworks";
				PRODUCT_BUNDLE_IDENTIFIER = beepi.TestJenkins;
				PRODUCT_NAME = "$(TARGET_NAME)";
			};
			name = Release;
		};
/* End XCBuildConfiguration section */

/* Begin XCConfigurationList section */
		DDEE167B1C63C958009AFC84 /* Build configuration list for PBXProject "TestJenkins" */ = {
			isa = XCConfigurationList;
			buildConfigurations = (
				DDEE16901C63C958009AFC84 /* Debug */,
				DDEE16911C63C958009AFC84 /* Release */,
			);
			defaultConfigurationIsVisible = 0;
			defaultConfigurationName = Release;
		};
		DDEE16921C63C958009AFC84 /* Build configuration list for PBXNativeTarget "TestJenkins" */ = {
			isa = XCConfigurationList;
			buildConfigurations = (
				DDEE16931C63C958009AFC84 /* Debug */,
				DDEE16941C63C958009AFC84 /* Release */,
			);
			defaultConfigurationIsVisible = 0;
		};
/* End XCConfigurationList section */
	};
	rootObject = DDEE16781C63C958009AFC84 /* Project object */;
}
